
Microsoft Visual Studio Solution File, Format Version 12.00
# Visual Studio Version 16
VisualStudioVersion = 16.0.31829.152
MinimumVisualStudioVersion = 10.0.40219.1
Project("{2150E333-8FDC-42A3-9474-1A3956D46DE8}") = "Services", "Services", "{EAE2E7D7-7092-4BF4-B8C9-8D68DAD260F3}"
EndProject
Project("{2150E333-8FDC-42A3-9474-1A3956D46DE8}") = "Catalog", "Catalog", "{E83C8E34-DB82-4430-B191-7585E9705C94}"
EndProject
Project("{9A19103F-16F7-4668-BE54-9A1E7A4F7556}") = "Catalog.API", "Services\Catalog\Catalog.API\Catalog.API.csproj", "{0AACD502-50B8-491E-A4C2-411D3CF11B0D}"
EndProject
Project("{E53339B2-1760-4266-BCC7-CA923CBCF16C}") = "docker-compose", "docker-compose.dcproj", "{31A6364D-D63B-47FC-A2EC-641F4DFCCABC}"
EndProject
Project("{2150E333-8FDC-42A3-9474-1A3956D46DE8}") = "Basket", "Basket", "{E2E12CD4-714D-461B-AE3F-72B8C3584B6B}"
EndProject
Project("{FAE04EC0-301F-11D3-BF4B-00C04F79EFBC}") = "Basket.API", "Services\Basket\Basket.API\Basket.API.csproj", "{04F94E27-2694-4763-A5CE-BED2C865F0DF}"
EndProject
Global
	GlobalSection(SolutionConfigurationPlatforms) = preSolution
		Debug|Any CPU = Debug|Any CPU
		Release|Any CPU = Release|Any CPU
	EndGlobalSection
	GlobalSection(ProjectConfigurationPlatforms) = postSolution
		{0AACD502-50B8-491E-A4C2-411D3CF11B0D}.Debug|Any CPU.ActiveCfg = Debug|Any CPU
		{0AACD502-50B8-491E-A4C2-411D3CF11B0D}.Debug|Any CPU.Build.0 = Debug|Any CPU
		{0AACD502-50B8-491E-A4C2-411D3CF11B0D}.Release|Any CPU.ActiveCfg = Release|Any CPU
		{0AACD502-50B8-491E-A4C2-411D3CF11B0D}.Release|Any CPU.Build.0 = Release|Any CPU
		{31A6364D-D63B-47FC-A2EC-641F4DFCCABC}.Debug|Any CPU.ActiveCfg = Debug|Any CPU
		{31A6364D-D63B-47FC-A2EC-641F4DFCCABC}.Debug|Any CPU.Build.0 = Debug|Any CPU
		{31A6364D-D63B-47FC-A2EC-641F4DFCCABC}.Release|Any CPU.ActiveCfg = Release|Any CPU
		{31A6364D-D63B-47FC-A2EC-641F4DFCCABC}.Release|Any CPU.Build.0 = Release|Any CPU
		{04F94E27-2694-4763-A5CE-BED2C865F0DF}.Debug|Any CPU.ActiveCfg = Debug|Any CPU
		{04F94E27-2694-4763-A5CE-BED2C865F0DF}.Debug|Any CPU.Build.0 = Debug|Any CPU
		{04F94E27-2694-4763-A5CE-BED2C865F0DF}.Release|Any CPU.ActiveCfg = Release|Any CPU
		{04F94E27-2694-4763-A5CE-BED2C865F0DF}.Release|Any CPU.Build.0 = Release|Any CPU
	EndGlobalSection
	GlobalSection(SolutionProperties) = preSolution
		HideSolutionNode = FALSE
	EndGlobalSection
	GlobalSection(NestedProjects) = preSolution
		{E83C8E34-DB82-4430-B191-7585E9705C94} = {EAE2E7D7-7092-4BF4-B8C9-8D68DAD260F3}
		{0AACD502-50B8-491E-A4C2-411D3CF11B0D} = {E83C8E34-DB82-4430-B191-7585E9705C94}
		{E2E12CD4-714D-461B-AE3F-72B8C3584B6B} = {EAE2E7D7-7092-4BF4-B8C9-8D68DAD260F3}
		{04F94E27-2694-4763-A5CE-BED2C865F0DF} = {E2E12CD4-714D-461B-AE3F-72B8C3584B6B}
	EndGlobalSection
	GlobalSection(ExtensibilityGlobals) = postSolution
		SolutionGuid = {602F6B85-71A1-4A3D-A393-B819E924B1A1}
	EndGlobalSection
EndGlobal
